
Microsoft Visual Studio Solution File, Format Version 12.00
# Visual Studio Version 17
VisualStudioVersion = 17.14.36212.18 d17.14
MinimumVisualStudioVersion = 10.0.40219.1
Project("{FAE04EC0-301F-11D3-BF4B-00C04F79EFBC}") = "DuelDeGuerrier", "DuelDeGuerrier.csproj", "{EF992983-C540-47EF-B475-4C508808EB8E}"
EndProject
Global
	GlobalSection(SolutionConfigurationPlatforms) = preSolution
		Debug|Any CPU = Debug|Any CPU
		Release|Any CPU = Release|Any CPU
	EndGlobalSection
	GlobalSection(ProjectConfigurationPlatforms) = postSolution
		{EF992983-C540-47EF-B475-4C508808EB8E}.Debug|Any CPU.ActiveCfg = Debug|Any CPU
		{EF992983-C540-47EF-B475-4C508808EB8E}.Debug|Any CPU.Build.0 = Debug|Any CPU
		{EF992983-C540-47EF-B475-4C508808EB8E}.Release|Any CPU.ActiveCfg = Release|Any CPU
		{EF992983-C540-47EF-B475-4C508808EB8E}.Release|Any CPU.Build.0 = Release|Any CPU
	EndGlobalSection
	GlobalSection(SolutionProperties) = preSolution
		HideSolutionNode = FALSE
	EndGlobalSection
	GlobalSection(ExtensibilityGlobals) = postSolution
		SolutionGuid = {E9C29521-959B-4DD4-806E-16B755A6A05B}
	EndGlobalSection
EndGlobal
